# This file is generated by running "yarn install" inside your project.
# Manual changes might be lost - proceed with caution!

__metadata:
  version: 8
  cacheKey: 10

"@isaacs/cliui@npm:^8.0.2":
  version: 8.0.2
  resolution: "@isaacs/cliui@npm:8.0.2"
  dependencies:
    string-width: "npm:^5.1.2"
    string-width-cjs: "npm:string-width@^4.2.0"
    strip-ansi: "npm:^7.0.1"
    strip-ansi-cjs: "npm:strip-ansi@^6.0.1"
    wrap-ansi: "npm:^8.1.0"
    wrap-ansi-cjs: "npm:wrap-ansi@^7.0.0"
  checksum: e9ed5fd27c3aec1095e3a16e0c0cf148d1fee55a38665c35f7b3f86a9b5d00d042ddaabc98e8a1cb7463b9378c15f22a94eb35e99469c201453eb8375191f243
  languageName: node
  linkType: hard

"@pkgjs/parseargs@npm:^0.11.0":
  version: 0.11.0
  resolution: "@pkgjs/parseargs@npm:0.11.0"
  checksum: 115e8ceeec6bc69dff2048b35c0ab4f8bbee12d8bb6c1f4af758604586d802b6e669dcb02dda61d078de42c2b4ddce41b3d9e726d7daa6b4b850f4adbf7333ff
  languageName: node
  linkType: hard

"accepts@npm:~1.3.8":
  version: 1.3.8
  resolution: "accepts@npm:1.3.8"
  dependencies:
    mime-types: "npm:~2.1.34"
    negotiator: "npm:0.6.3"
  checksum: 67eaaa90e2917c58418e7a9b89392002d2b1ccd69bcca4799135d0c632f3b082f23f4ae4ddeedbced5aa59bcc7bdf4699c69ebed4593696c922462b7bc5744d6
  languageName: node
  linkType: hard

"ansi-regex@npm:^5.0.1":
  version: 5.0.1
  resolution: "ansi-regex@npm:5.0.1"
  checksum: 2aa4bb54caf2d622f1afdad09441695af2a83aa3fe8b8afa581d205e57ed4261c183c4d3877cee25794443fde5876417d859c108078ab788d6af7e4fe52eb66b
  languageName: node
  linkType: hard

"ansi-regex@npm:^6.0.1":
  version: 6.0.1
  resolution: "ansi-regex@npm:6.0.1"
  checksum: 1ff8b7667cded1de4fa2c9ae283e979fc87036864317da86a2e546725f96406746411d0d85e87a2d12fa5abd715d90006de7fa4fa0477c92321ad3b4c7d4e169
  languageName: node
  linkType: hard

"ansi-styles@npm:^4.0.0, ansi-styles@npm:^4.1.0":
  version: 4.3.0
  resolution: "ansi-styles@npm:4.3.0"
  dependencies:
    color-convert: "npm:^2.0.1"
  checksum: b4494dfbfc7e4591b4711a396bd27e540f8153914123dccb4cdbbcb514015ada63a3809f362b9d8d4f6b17a706f1d7bea3c6f974b15fa5ae76b5b502070889ff
  languageName: node
  linkType: hard

"ansi-styles@npm:^6.1.0":
  version: 6.2.1
  resolution: "ansi-styles@npm:6.2.1"
  checksum: 70fdf883b704d17a5dfc9cde206e698c16bcd74e7f196ab821511651aee4f9f76c9514bdfa6ca3a27b5e49138b89cb222a28caf3afe4567570139577f991df32
  languageName: node
  linkType: hard

"array-flatten@npm:1.1.1":
  version: 1.1.1
  resolution: "array-flatten@npm:1.1.1"
  checksum: e13c9d247241be82f8b4ec71d035ed7204baa82fae820d4db6948d30d3c4a9f2b3905eb2eec2b937d4aa3565200bd3a1c500480114cff649fa748747d2a50feb
  languageName: node
  linkType: hard

"async@npm:^3.2.3":
  version: 3.2.3
  resolution: "async@npm:3.2.3"
  checksum: 1265841be4f461fb17a8ed1c6ac1d427c57b33fea999cefdcee588f08f218886fd41d48da6943e4dca6a8ccd76d4536b6901a28927588ff671ce0ed61ac415a2
  languageName: node
  linkType: hard

"balanced-match@npm:^1.0.0":
  version: 1.0.2
  resolution: "balanced-match@npm:1.0.2"
  checksum: 9706c088a283058a8a99e0bf91b0a2f75497f185980d9ffa8b304de1d9e58ebda7c72c07ebf01dadedaac5b2907b2c6f566f660d62bd336c3468e960403b9d65
  languageName: node
  linkType: hard

"body-parser@npm:1.19.2":
  version: 1.19.2
  resolution: "body-parser@npm:1.19.2"
  dependencies:
    bytes: "npm:3.1.2"
    content-type: "npm:~1.0.4"
    debug: "npm:2.6.9"
    depd: "npm:~1.1.2"
    http-errors: "npm:1.8.1"
    iconv-lite: "npm:0.4.24"
    on-finished: "npm:~2.3.0"
    qs: "npm:6.9.7"
    raw-body: "npm:2.4.3"
    type-is: "npm:~1.6.18"
  checksum: 8a5f59d7e51b4000082a5e8bccf548cdbe77140520a55e380fecf5becf87a950b39e157a5c2a13334aa2ad45cc850b98e6c8652a4f033581c552001176dc9fc0
  languageName: node
  linkType: hard

"brace-expansion@npm:^1.1.7":
  version: 1.1.11
  resolution: "brace-expansion@npm:1.1.11"
  dependencies:
    balanced-match: "npm:^1.0.0"
    concat-map: "npm:0.0.1"
  checksum: faf34a7bb0c3fcf4b59c7808bc5d2a96a40988addf2e7e09dfbb67a2251800e0d14cd2bfc1aa79174f2f5095c54ff27f46fb1289fe2d77dac755b5eb3434cc07
  languageName: node
  linkType: hard

"brace-expansion@npm:^2.0.1":
  version: 2.0.1
  resolution: "brace-expansion@npm:2.0.1"
  dependencies:
    balanced-match: "npm:^1.0.0"
  checksum: a61e7cd2e8a8505e9f0036b3b6108ba5e926b4b55089eeb5550cd04a471fe216c96d4fe7e4c7f995c728c554ae20ddfc4244cad10aef255e72b62930afd233d1
  languageName: node
  linkType: hard

"bytes@npm:3.1.2":
  version: 3.1.2
  resolution: "bytes@npm:3.1.2"
  checksum: a10abf2ba70c784471d6b4f58778c0beeb2b5d405148e66affa91f23a9f13d07603d0a0354667310ae1d6dc141474ffd44e2a074be0f6e2254edb8fc21445388
  languageName: node
  linkType: hard

"chalk@npm:^4.0.2":
  version: 4.1.2
  resolution: "chalk@npm:4.1.2"
  dependencies:
    ansi-styles: "npm:^4.1.0"
    supports-color: "npm:^7.1.0"
  checksum: cb3f3e594913d63b1814d7ca7c9bafbf895f75fbf93b92991980610dfd7b48500af4e3a5d4e3a8f337990a96b168d7eb84ee55efdce965e2ee8efc20f8c8f139
  languageName: node
  linkType: hard

"color-convert@npm:^2.0.1":
  version: 2.0.1
  resolution: "color-convert@npm:2.0.1"
  dependencies:
    color-name: "npm:~1.1.4"
  checksum: fa00c91b4332b294de06b443923246bccebe9fab1b253f7fe1772d37b06a2269b4039a85e309abe1fe11b267b11c08d1d0473fda3badd6167f57313af2887a64
  languageName: node
  linkType: hard

"color-name@npm:~1.1.4":
  version: 1.1.4
  resolution: "color-name@npm:1.1.4"
  checksum: b0445859521eb4021cd0fb0cc1a75cecf67fceecae89b63f62b201cca8d345baf8b952c966862a9d9a2632987d4f6581f0ec8d957dfacece86f0a7919316f610
  languageName: node
  linkType: hard

"concat-map@npm:0.0.1":
  version: 0.0.1
  resolution: "concat-map@npm:0.0.1"
  checksum: 9680699c8e2b3af0ae22592cb764acaf973f292a7b71b8a06720233011853a58e256c89216a10cbe889727532fd77f8bcd49a760cedfde271b8e006c20e079f2
  languageName: node
  linkType: hard

"content-disposition@npm:0.5.4":
  version: 0.5.4
  resolution: "content-disposition@npm:0.5.4"
  dependencies:
    safe-buffer: "npm:5.2.1"
  checksum: b7f4ce176e324f19324be69b05bf6f6e411160ac94bc523b782248129eb1ef3be006f6cff431aaea5e337fe5d176ce8830b8c2a1b721626ead8933f0cbe78720
  languageName: node
  linkType: hard

"content-type@npm:~1.0.4":
  version: 1.0.4
  resolution: "content-type@npm:1.0.4"
  checksum: 5ea85c5293475c0cdf2f84e2c71f0519ced565840fb8cbda35997cb67cc45b879d5b9dbd37760c4041ca7415a3687f8a5f2f87b556b2aaefa49c0f3436a346d4
  languageName: node
  linkType: hard

"cookie-signature@npm:1.0.6":
  version: 1.0.6
  resolution: "cookie-signature@npm:1.0.6"
  checksum: f4e1b0a98a27a0e6e66fd7ea4e4e9d8e038f624058371bf4499cfcd8f3980be9a121486995202ba3fca74fbed93a407d6d54d43a43f96fd28d0bd7a06761591a
  languageName: node
  linkType: hard

"cookie@npm:0.4.2":
  version: 0.4.2
  resolution: "cookie@npm:0.4.2"
  checksum: 2e1de9fdedca54881eab3c0477aeb067f281f3155d9cfee9d28dfb252210d09e85e9d175c0a60689661feb9e35e588515352f2456bc1f8e8db4267e05fd70137
  languageName: node
  linkType: hard

"core-util-is@npm:~1.0.0":
  version: 1.0.3
  resolution: "core-util-is@npm:1.0.3"
  checksum: 9de8597363a8e9b9952491ebe18167e3b36e7707569eed0ebf14f8bba773611376466ae34575bca8cfe3c767890c859c74056084738f09d4e4a6f902b2ad7d99
  languageName: node
  linkType: hard

"cross-spawn@npm:^7.0.0":
  version: 7.0.3
  resolution: "cross-spawn@npm:7.0.3"
  dependencies:
    path-key: "npm:^3.1.0"
    shebang-command: "npm:^2.0.0"
    which: "npm:^2.0.1"
  checksum: e1a13869d2f57d974de0d9ef7acbf69dc6937db20b918525a01dacb5032129bd552d290d886d981e99f1b624cb03657084cc87bd40f115c07ecf376821c729ce
  languageName: node
  linkType: hard

"debug@npm:2.6.9":
  version: 2.6.9
  resolution: "debug@npm:2.6.9"
  dependencies:
    ms: "npm:2.0.0"
  checksum: e07005f2b40e04f1bd14a3dd20520e9c4f25f60224cb006ce9d6781732c917964e9ec029fc7f1a151083cd929025ad5133814d4dc624a9aaf020effe4914ed14
  languageName: node
  linkType: hard

"depd@npm:~1.1.2":
  version: 1.1.2
  resolution: "depd@npm:1.1.2"
  checksum: 2ed6966fc14463a9e85451db330ab8ba041efed0b9a1a472dbfc6fbf2f82bab66491915f996b25d8517dddc36c8c74e24c30879b34877f3c4410733444a51d1d
  languageName: node
  linkType: hard

"destroy@npm:~1.0.4":
  version: 1.0.4
  resolution: "destroy@npm:1.0.4"
  checksum: da9ab4961dc61677c709da0c25ef01733042614453924d65636a7db37308fef8a24cd1e07172e61173d471ca175371295fbc984b0af5b2b4ff47cd57bd784c03
  languageName: node
  linkType: hard

"eastasianwidth@npm:^0.2.0":
  version: 0.2.0
  resolution: "eastasianwidth@npm:0.2.0"
  checksum: 9b1d3e1baefeaf7d70799db8774149cef33b97183a6addceeba0cf6b85ba23ee2686f302f14482006df32df75d32b17c509c143a3689627929e4a8efaf483952
  languageName: node
  linkType: hard

"ee-first@npm:1.1.1":
  version: 1.1.1
  resolution: "ee-first@npm:1.1.1"
  checksum: 1b4cac778d64ce3b582a7e26b218afe07e207a0f9bfe13cc7395a6d307849cfe361e65033c3251e00c27dd060cab43014c2d6b2647676135e18b77d2d05b3f4f
  languageName: node
  linkType: hard

"ejs@npm:^3.1.6":
  version: 3.1.7
  resolution: "ejs@npm:3.1.7"
  dependencies:
    jake: "npm:^10.8.5"
  bin:
    ejs: bin/cli.js
  checksum: a215b98bf55df030cbaa8964a0955ccbad10c056c63af6d06f11c5a463c01ec9f17ca026c9cedc5e83f203ff2382ff454d80ccc74fb059d97db26c028d461dd2
  languageName: node
  linkType: hard

"emoji-regex@npm:^8.0.0":
  version: 8.0.0
  resolution: "emoji-regex@npm:8.0.0"
  checksum: c72d67a6821be15ec11997877c437491c313d924306b8da5d87d2a2bcc2cec9903cb5b04ee1a088460501d8e5b44f10df82fdc93c444101a7610b80c8b6938e1
  languageName: node
  linkType: hard

"emoji-regex@npm:^9.2.2":
  version: 9.2.2
  resolution: "emoji-regex@npm:9.2.2"
  checksum: 915acf859cea7131dac1b2b5c9c8e35c4849e325a1d114c30adb8cd615970f6dca0e27f64f3a4949d7d6ed86ecd79a1c5c63f02e697513cddd7b5835c90948b8
  languageName: node
  linkType: hard

"encodeurl@npm:~1.0.2":
  version: 1.0.2
  resolution: "encodeurl@npm:1.0.2"
  checksum: e50e3d508cdd9c4565ba72d2012e65038e5d71bdc9198cb125beb6237b5b1ade6c0d343998da9e170fb2eae52c1bed37d4d6d98a46ea423a0cddbed5ac3f780c
  languageName: node
  linkType: hard

"escape-html@npm:~1.0.3":
  version: 1.0.3
  resolution: "escape-html@npm:1.0.3"
  checksum: 6213ca9ae00d0ab8bccb6d8d4e0a98e76237b2410302cf7df70aaa6591d509a2a37ce8998008cbecae8fc8ffaadf3fb0229535e6a145f3ce0b211d060decbb24
  languageName: node
  linkType: hard

"etag@npm:~1.8.1":
  version: 1.8.1
  resolution: "etag@npm:1.8.1"
  checksum: 571aeb3dbe0f2bbd4e4fadbdb44f325fc75335cd5f6f6b6a091e6a06a9f25ed5392f0863c5442acb0646787446e816f13cbfc6edce5b07658541dff573cab1ff
  languageName: node
  linkType: hard

"express@npm:^4.16.4":
  version: 4.17.3
  resolution: "express@npm:4.17.3"
  dependencies:
    accepts: "npm:~1.3.8"
    array-flatten: "npm:1.1.1"
    body-parser: "npm:1.19.2"
    content-disposition: "npm:0.5.4"
    content-type: "npm:~1.0.4"
    cookie: "npm:0.4.2"
    cookie-signature: "npm:1.0.6"
    debug: "npm:2.6.9"
    depd: "npm:~1.1.2"
    encodeurl: "npm:~1.0.2"
    escape-html: "npm:~1.0.3"
    etag: "npm:~1.8.1"
    finalhandler: "npm:~1.1.2"
    fresh: "npm:0.5.2"
    merge-descriptors: "npm:1.0.1"
    methods: "npm:~1.1.2"
    on-finished: "npm:~2.3.0"
    parseurl: "npm:~1.3.3"
    path-to-regexp: "npm:0.1.7"
    proxy-addr: "npm:~2.0.7"
    qs: "npm:6.9.7"
    range-parser: "npm:~1.2.1"
    safe-buffer: "npm:5.2.1"
    send: "npm:0.17.2"
    serve-static: "npm:1.14.2"
    setprototypeof: "npm:1.2.0"
    statuses: "npm:~1.5.0"
    type-is: "npm:~1.6.18"
    utils-merge: "npm:1.0.1"
    vary: "npm:~1.1.2"
  checksum: e3970a6cccdeec918d249c9dd8b0a83bd64eb5730f33c69f449763d16155c3ff9631a3f5aa6191c7d56a6bb9d8b40fcce69c12563bf593208ec2b4902d7b8475
  languageName: node
  linkType: hard

"filelist@npm:^1.0.1":
  version: 1.0.3
  resolution: "filelist@npm:1.0.3"
  dependencies:
    minimatch: "npm:^5.0.1"
  checksum: eb0478e1bfef89facc580d9fb88a7183c617e78745e943bb91b700d9633d2d2103450d661205e4987911fb069bba6adc51cccbf04ad91f0cc6293a10a15be82f
  languageName: node
  linkType: hard

"finalhandler@npm:~1.1.2":
  version: 1.1.2
  resolution: "finalhandler@npm:1.1.2"
  dependencies:
    debug: "npm:2.6.9"
    encodeurl: "npm:~1.0.2"
    escape-html: "npm:~1.0.3"
    on-finished: "npm:~2.3.0"
    parseurl: "npm:~1.3.3"
    statuses: "npm:~1.5.0"
    unpipe: "npm:~1.0.0"
  checksum: 351e99a889abf149eb3edb24568586469feeb3019f5eafb9b31e632a5ad886f12a5595a221508245e6a37da69ae866c9fb411eb541a844238e2c900f63ac1576
  languageName: node
  linkType: hard

"foreground-child@npm:^3.1.0":
  version: 3.1.1
  resolution: "foreground-child@npm:3.1.1"
  dependencies:
    cross-spawn: "npm:^7.0.0"
    signal-exit: "npm:^4.0.1"
  checksum: 087edd44857d258c4f73ad84cb8df980826569656f2550c341b27adf5335354393eec24ea2fabd43a253233fb27cee177ebe46bd0b7ea129c77e87cb1e9936fb
  languageName: node
  linkType: hard

"forwarded@npm:0.2.0":
  version: 0.2.0
  resolution: "forwarded@npm:0.2.0"
  checksum: 29ba9fd347117144e97cbb8852baae5e8b2acb7d1b591ef85695ed96f5b933b1804a7fac4a15dd09ca7ac7d0cdc104410e8102aae2dd3faa570a797ba07adb81
  languageName: node
  linkType: hard

"fresh@npm:0.5.2":
  version: 0.5.2
  resolution: "fresh@npm:0.5.2"
  checksum: 64c88e489b5d08e2f29664eb3c79c705ff9a8eb15d3e597198ef76546d4ade295897a44abb0abd2700e7ef784b2e3cbf1161e4fbf16f59129193fd1030d16da1
  languageName: node
  linkType: hard

"fs.realpath@npm:^1.0.0":
  version: 1.0.0
  resolution: "fs.realpath@npm:1.0.0"
  checksum: e703107c28e362d8d7b910bbcbfd371e640a3bb45ae157a362b5952c0030c0b6d4981140ec319b347bce7adc025dd7813da1ff908a945ac214d64f5402a51b96
  languageName: node
  linkType: hard

"glob@npm:^10.0.0":
  version: 10.2.4
  resolution: "glob@npm:10.2.4"
  dependencies:
    foreground-child: "npm:^3.1.0"
    jackspeak: "npm:^2.0.3"
    minimatch: "npm:^9.0.0"
    minipass: "npm:^5.0.0 || ^6.0.0"
    path-scurry: "npm:^1.7.0"
  bin:
    glob: dist/cjs/src/bin.js
  checksum: ba8ad0f7314a1ba12c21f90e265f2282b7a2ba18713f983c6bdc9aa33c3eb4787ef06181f04256ec31fc898a532aaa9086d3dc370d473929bcdeb37fe07461ec
  languageName: node
  linkType: hard

"glob@npm:^7.1.3":
  version: 7.2.0
  resolution: "glob@npm:7.2.0"
  dependencies:
    fs.realpath: "npm:^1.0.0"
    inflight: "npm:^1.0.4"
    inherits: "npm:2"
    minimatch: "npm:^3.0.4"
    once: "npm:^1.3.0"
    path-is-absolute: "npm:^1.0.0"
  checksum: bc78b6ea0735b6e23d20678aba4ae6a4760e8c9527e3c4683ac25b14e70f55f9531245dcf25959b70cbc4aa3dcce1fc37ab65fd026a4cbd70aa3a44880bd396b
  languageName: node
  linkType: hard

"has-flag@npm:^4.0.0":
  version: 4.0.0
  resolution: "has-flag@npm:4.0.0"
  checksum: 261a1357037ead75e338156b1f9452c016a37dcd3283a972a30d9e4a87441ba372c8b81f818cd0fbcd9c0354b4ae7e18b9e1afa1971164aef6d18c2b6095a8ad
  languageName: node
  linkType: hard

"http-errors@npm:1.8.1":
  version: 1.8.1
  resolution: "http-errors@npm:1.8.1"
  dependencies:
    depd: "npm:~1.1.2"
    inherits: "npm:2.0.4"
    setprototypeof: "npm:1.2.0"
    statuses: "npm:>= 1.5.0 < 2"
    toidentifier: "npm:1.0.1"
  checksum: 76fc491bd8df2251e21978e080d5dae20d9736cfb29bb72b5b76ec1bcebb1c14f0f58a3a128dd89288934379d2173cfb0421c571d54103e93dd65ef6243d64d8
  languageName: node
  linkType: hard

"iconv-lite@npm:0.4.24":
  version: 0.4.24
  resolution: "iconv-lite@npm:0.4.24"
  dependencies:
    safer-buffer: "npm:>= 2.1.2 < 3"
  checksum: 6d3a2dac6e5d1fb126d25645c25c3a1209f70cceecc68b8ef51ae0da3cdc078c151fade7524a30b12a3094926336831fca09c666ef55b37e2c69638b5d6bd2e3
  languageName: node
  linkType: hard

"immediate@npm:~3.0.5":
  version: 3.0.6
  resolution: "immediate@npm:3.0.6"
  checksum: f9b3486477555997657f70318cc8d3416159f208bec4cca3ff3442fd266bc23f50f0c9bd8547e1371a6b5e82b821ec9a7044a4f7b944798b25aa3cc6d5e63e62
  languageName: node
  linkType: hard

"inflight@npm:^1.0.4":
  version: 1.0.6
  resolution: "inflight@npm:1.0.6"
  dependencies:
    once: "npm:^1.3.0"
    wrappy: "npm:1"
  checksum: d2ebd65441a38c8336c223d1b80b921b9fa737e37ea466fd7e253cb000c64ae1f17fa59e68130ef5bda92cfd8d36b83d37dab0eb0a4558bcfec8e8cdfd2dcb67
  languageName: node
  linkType: hard

"inherits@npm:2, inherits@npm:2.0.4, inherits@npm:~2.0.3":
  version: 2.0.4
  resolution: "inherits@npm:2.0.4"
  checksum: cd45e923bee15186c07fa4c89db0aace24824c482fb887b528304694b2aa6ff8a898da8657046a5dcf3e46cd6db6c61629551f9215f208d7c3f157cf9b290521
  languageName: node
  linkType: hard

"ipaddr.js@npm:1.9.1":
  version: 1.9.1
  resolution: "ipaddr.js@npm:1.9.1"
  checksum: 864d0cced0c0832700e9621913a6429ccdc67f37c1bd78fb8c6789fff35c9d167cb329134acad2290497a53336813ab4798d2794fd675d5eb33b5fdf0982b9ca
  languageName: node
  linkType: hard

"is-fullwidth-code-point@npm:^3.0.0":
  version: 3.0.0
  resolution: "is-fullwidth-code-point@npm:3.0.0"
  checksum: 44a30c29457c7fb8f00297bce733f0a64cd22eca270f83e58c105e0d015e45c019491a4ab2faef91ab51d4738c670daff901c799f6a700e27f7314029e99e348
  languageName: node
  linkType: hard

"isarray@npm:~1.0.0":
  version: 1.0.0
  resolution: "isarray@npm:1.0.0"
  checksum: f032df8e02dce8ec565cf2eb605ea939bdccea528dbcf565cdf92bfa2da9110461159d86a537388ef1acef8815a330642d7885b29010e8f7eac967c9993b65ab
  languageName: node
  linkType: hard

"isexe@npm:^2.0.0":
  version: 2.0.0
  resolution: "isexe@npm:2.0.0"
  checksum: 7c9f715c03aff08f35e98b1fadae1b9267b38f0615d501824f9743f3aab99ef10e303ce7db3f186763a0b70a19de5791ebfc854ff884d5a8c4d92211f642ec92
  languageName: node
  linkType: hard

"jackspeak@npm:^2.0.3":
  version: 2.2.0
  resolution: "jackspeak@npm:2.2.0"
  dependencies:
    "@isaacs/cliui": "npm:^8.0.2"
    "@pkgjs/parseargs": "npm:^0.11.0"
  dependenciesMeta:
    "@pkgjs/parseargs":
      optional: true
  checksum: 9fc9c6d28abccaf064a82be1a70d50004e582ba3ed790a84732c9ce275cbc748ff22df2027e549161eff1653235ff4e971c789a51b903a428003a462c058f5e5
  languageName: node
  linkType: hard

"jake@npm:^10.8.5":
  version: 10.8.5
  resolution: "jake@npm:10.8.5"
  dependencies:
    async: "npm:^3.2.3"
    chalk: "npm:^4.0.2"
    filelist: "npm:^1.0.1"
    minimatch: "npm:^3.0.4"
  bin:
    jake: ./bin/cli.js
  checksum: 6eaf1cd7fe78b92fa52d7258fb0f16f9bef856a18dc6e2f4da8e610264d293210d6e6e09a89d4e4ce1fc83d07c82963bd00bdcbb88e7a09aa62cc4cdf6e3bdf2
  languageName: node
  linkType: hard

"jasmine-browser-runner@npm:^2.3.0":
  version: 2.3.0
  resolution: "jasmine-browser-runner@npm:2.3.0"
  dependencies:
    ejs: "npm:^3.1.6"
    express: "npm:^4.16.4"
    glob: "npm:^10.0.0"
    selenium-webdriver: "npm:^4.12.0"
  peerDependencies:
    jasmine-core: ^5.0.0
  bin:
    jasmine-browser-runner: bin/jasmine-browser-runner
  checksum: 2c5ac6e77765f3cc72a5aaa241e9eea55ab7c445aef730ae0b8980c899cc6a2f59c2ab06765fb98fd0953635bbea591bde72673b6134caafcd81ff1d07517fe6
  languageName: node
  linkType: hard

"jasmine-core@npm:^5.1.1":
  version: 5.1.1
  resolution: "jasmine-core@npm:5.1.1"
  checksum: f8236c5f916dc70e2d5af1a229e374f3d3aac7046ef66e4c972c48977f0dce769f8b557fc1dcdc71589d3a9633368a6a682da09bd15672d435172c298e252a84
  languageName: node
  linkType: hard

"jszip@npm:^3.10.1":
  version: 3.10.1
  resolution: "jszip@npm:3.10.1"
  dependencies:
    lie: "npm:~3.3.0"
    pako: "npm:~1.0.2"
    readable-stream: "npm:~2.3.6"
    setimmediate: "npm:^1.0.5"
  checksum: bfbfbb9b0a27121330ac46ab9cdb3b4812433faa9ba4a54742c87ca441e31a6194ff70ae12acefa5fe25406c432290e68003900541d948a169b23d30c34dd984
  languageName: node
  linkType: hard

"lie@npm:~3.3.0":
  version: 3.3.0
  resolution: "lie@npm:3.3.0"
  dependencies:
    immediate: "npm:~3.0.5"
  checksum: f335ce67fe221af496185d7ce39c8321304adb701e122942c495f4f72dcee8803f9315ee572f5f8e8b08b9e8d7195da91b9fad776e8864746ba8b5e910adf76e
  languageName: node
  linkType: hard

"lru-cache@npm:^9.1.1":
  version: 9.1.1
  resolution: "lru-cache@npm:9.1.1"
  checksum: bf0b62d5fd7b769f40a73f7dc41f12f0f24bc543277f78681bd36d9a684a09233b0c8a188d8c996b319f803410808a1e57ab99cd60e33b9b7b2728b08e31c7ff
  languageName: node
  linkType: hard

"media-typer@npm:0.3.0":
  version: 0.3.0
  resolution: "media-typer@npm:0.3.0"
  checksum: 38e0984db39139604756903a01397e29e17dcb04207bb3e081412ce725ab17338ecc47220c1b186b6bbe79a658aad1b0d41142884f5a481f36290cdefbe6aa46
  languageName: node
  linkType: hard

"merge-descriptors@npm:1.0.1":
  version: 1.0.1
  resolution: "merge-descriptors@npm:1.0.1"
  checksum: 5abc259d2ae25bb06d19ce2b94a21632583c74e2a9109ee1ba7fd147aa7362b380d971e0251069f8b3eb7d48c21ac839e21fa177b335e82c76ec172e30c31a26
  languageName: node
  linkType: hard

"methods@npm:~1.1.2":
  version: 1.1.2
  resolution: "methods@npm:1.1.2"
  checksum: a385dd974faa34b5dd021b2bbf78c722881bf6f003bfe6d391d7da3ea1ed625d1ff10ddd13c57531f628b3e785be38d3eed10ad03cebd90b76932413df9a1820
  languageName: node
  linkType: hard

"mime-db@npm:1.51.0":
  version: 1.51.0
  resolution: "mime-db@npm:1.51.0"
  checksum: cd541c90d4d0b5831aa99f41c02d5f5d28d64e8a4a55d88530e26f8cc663968c7d2ba3ee953d563ff87b0c03dfe21eed6e23feec36b92a1cbd0e3c71acc8859c
  languageName: node
  linkType: hard

"mime-types@npm:~2.1.24, mime-types@npm:~2.1.34":
  version: 2.1.34
  resolution: "mime-types@npm:2.1.34"
  dependencies:
    mime-db: "npm:1.51.0"
  checksum: 6685d1123ec76b84ddfa0bd0f57e400eeb3caa6a2166f106eb3435b2570f35afe0b5b6f457efe0f63fe87a618f44ec10050a0b0637e1c64a4f20008f49b2effe
  languageName: node
  linkType: hard

"mime@npm:1.6.0":
  version: 1.6.0
  resolution: "mime@npm:1.6.0"
  bin:
    mime: cli.js
  checksum: b7d98bb1e006c0e63e2c91b590fe1163b872abf8f7ef224d53dd31499c2197278a6d3d0864c45239b1a93d22feaf6f9477e9fc847eef945838150b8c02d03170
  languageName: node
  linkType: hard

"minimatch@npm:^3.0.4":
  version: 3.1.2
  resolution: "minimatch@npm:3.1.2"
  dependencies:
    brace-expansion: "npm:^1.1.7"
  checksum: e0b25b04cd4ec6732830344e5739b13f8690f8a012d73445a4a19fbc623f5dd481ef7a5827fde25954cd6026fede7574cc54dc4643c99d6c6b653d6203f94634
  languageName: node
  linkType: hard

"minimatch@npm:^5.0.1":
  version: 5.0.1
  resolution: "minimatch@npm:5.0.1"
  dependencies:
    brace-expansion: "npm:^2.0.1"
  checksum: 2656580f18d9f38ada186196fcc72dc9076d70f7227adc664e72614d464e075dc4ae3936e6742519e09e336996ef33c6035e606888b12f65ca7fda792ddd2085
  languageName: node
  linkType: hard

"minimatch@npm:^9.0.0":
  version: 9.0.0
  resolution: "minimatch@npm:9.0.0"
  dependencies:
    brace-expansion: "npm:^2.0.1"
  checksum: a7653b37c4a6f0dcf98b5bc6ad10926c193b94ac83de5e7f7e462c137075feb8cfac7fa02963438ab401f504f043f9ea13a2d3f57a71e49307f8867af34296f5
  languageName: node
  linkType: hard

"minipass@npm:^5.0.0 || ^6.0.0":
  version: 6.0.1
  resolution: "minipass@npm:6.0.1"
  checksum: 08b8b0e5b0a84e895b1c64cc39a96e9bb3438f5ce9a7bec9e8357794ae4775d9010245e25b3b19b58af6efaf9d5cab59bb3b02681c871d384c256ac8888e19f6
  languageName: node
  linkType: hard

"ms@npm:2.0.0":
  version: 2.0.0
  resolution: "ms@npm:2.0.0"
  checksum: 0e6a22b8b746d2e0b65a430519934fefd41b6db0682e3477c10f60c76e947c4c0ad06f63ffdf1d78d335f83edee8c0aa928aa66a36c7cd95b69b26f468d527f4
  languageName: node
  linkType: hard

"ms@npm:2.1.3":
  version: 2.1.3
  resolution: "ms@npm:2.1.3"
  checksum: aa92de608021b242401676e35cfa5aa42dd70cbdc082b916da7fb925c542173e36bce97ea3e804923fe92c0ad991434e4a38327e15a1b5b5f945d66df615ae6d
  languageName: node
  linkType: hard

"negotiator@npm:0.6.3":
  version: 0.6.3
  resolution: "negotiator@npm:0.6.3"
  checksum: 2723fb822a17ad55c93a588a4bc44d53b22855bf4be5499916ca0cab1e7165409d0b288ba2577d7b029f10ce18cf2ed8e703e5af31c984e1e2304277ef979837
  languageName: node
  linkType: hard

"on-finished@npm:~2.3.0":
  version: 2.3.0
  resolution: "on-finished@npm:2.3.0"
  dependencies:
    ee-first: "npm:1.1.1"
  checksum: 1db595bd963b0124d6fa261d18320422407b8f01dc65863840f3ddaaf7bcad5b28ff6847286703ca53f4ec19595bd67a2f1253db79fc4094911ec6aa8df1671b
  languageName: node
  linkType: hard

"once@npm:^1.3.0":
  version: 1.4.0
  resolution: "once@npm:1.4.0"
  dependencies:
    wrappy: "npm:1"
  checksum: cd0a88501333edd640d95f0d2700fbde6bff20b3d4d9bdc521bdd31af0656b5706570d6c6afe532045a20bb8dc0849f8332d6f2a416e0ba6d3d3b98806c7db68
  languageName: node
  linkType: hard

"pako@npm:~1.0.2":
  version: 1.0.11
  resolution: "pako@npm:1.0.11"
  checksum: 1ad07210e894472685564c4d39a08717e84c2a68a70d3c1d9e657d32394ef1670e22972a433cbfe48976cb98b154ba06855dcd3fcfba77f60f1777634bec48c0
  languageName: node
  linkType: hard

"parseurl@npm:~1.3.3":
  version: 1.3.3
  resolution: "parseurl@npm:1.3.3"
  checksum: 407cee8e0a3a4c5cd472559bca8b6a45b82c124e9a4703302326e9ab60fc1081442ada4e02628efef1eb16197ddc7f8822f5a91fd7d7c86b51f530aedb17dfa2
  languageName: node
  linkType: hard

"path-is-absolute@npm:^1.0.0":
  version: 1.0.1
  resolution: "path-is-absolute@npm:1.0.1"
  checksum: 060840f92cf8effa293bcc1bea81281bd7d363731d214cbe5c227df207c34cd727430f70c6037b5159c8a870b9157cba65e775446b0ab06fd5ecc7e54615a3b8
  languageName: node
  linkType: hard

"path-key@npm:^3.1.0":
  version: 3.1.1
  resolution: "path-key@npm:3.1.1"
  checksum: 55cd7a9dd4b343412a8386a743f9c746ef196e57c823d90ca3ab917f90ab9f13dd0ded27252ba49dbdfcab2b091d998bc446f6220cd3cea65db407502a740020
  languageName: node
  linkType: hard

"path-scurry@npm:^1.7.0":
  version: 1.9.1
  resolution: "path-scurry@npm:1.9.1"
  dependencies:
    lru-cache: "npm:^9.1.1"
    minipass: "npm:^5.0.0 || ^6.0.0"
  checksum: ef3f8d17cdba8c166de0fc0ffb7ed7665821fa0bb78873758d4e8f73e1a3111b19084bacded34d689e17ab9e61a9563b746d3cf172a12ec30c2146d2c0b3ef48
  languageName: node
  linkType: hard

"path-to-regexp@npm:0.1.7":
  version: 0.1.7
  resolution: "path-to-regexp@npm:0.1.7"
  checksum: 701c99e1f08e3400bea4d701cf6f03517474bb1b608da71c78b1eb261415b645c5670dfae49808c89e12cea2dccd113b069f040a80de012da0400191c6dbd1c8
  languageName: node
  linkType: hard

"process-nextick-args@npm:~2.0.0":
  version: 2.0.1
  resolution: "process-nextick-args@npm:2.0.1"
  checksum: 1d38588e520dab7cea67cbbe2efdd86a10cc7a074c09657635e34f035277b59fbb57d09d8638346bf7090f8e8ebc070c96fa5fd183b777fff4f5edff5e9466cf
  languageName: node
  linkType: hard

"proxy-addr@npm:~2.0.7":
  version: 2.0.7
  resolution: "proxy-addr@npm:2.0.7"
  dependencies:
    forwarded: "npm:0.2.0"
    ipaddr.js: "npm:1.9.1"
  checksum: f24a0c80af0e75d31e3451398670d73406ec642914da11a2965b80b1898ca6f66a0e3e091a11a4327079b2b268795f6fa06691923fef91887215c3d0e8ea3f68
  languageName: node
  linkType: hard

"qs@npm:6.9.7":
  version: 6.9.7
  resolution: "qs@npm:6.9.7"
  checksum: fb364b54bf4f092a095554968f5abf06036cfe359c9aba258a81b0c0366f625a46098fe1224b2a71ee2f88642470af391c7a8a1496508eca29c37093293f91a9
  languageName: node
  linkType: hard

"range-parser@npm:~1.2.1":
  version: 1.2.1
  resolution: "range-parser@npm:1.2.1"
  checksum: ce21ef2a2dd40506893157970dc76e835c78cf56437e26e19189c48d5291e7279314477b06ac38abd6a401b661a6840f7b03bd0b1249da9b691deeaa15872c26
  languageName: node
  linkType: hard

"raw-body@npm:2.4.3":
  version: 2.4.3
  resolution: "raw-body@npm:2.4.3"
  dependencies:
    bytes: "npm:3.1.2"
    http-errors: "npm:1.8.1"
    iconv-lite: "npm:0.4.24"
    unpipe: "npm:1.0.0"
  checksum: b3a7cfacfa00778abce59fe1c698bd44edfdbea9ddd39e22c553dcd50a0376f4c3ad0e650f1ba9d20495bab81251844e14448292071487bd372e506faf0a1a2e
  languageName: node
  linkType: hard

"readable-stream@npm:~2.3.6":
  version: 2.3.7
  resolution: "readable-stream@npm:2.3.7"
  dependencies:
    core-util-is: "npm:~1.0.0"
    inherits: "npm:~2.0.3"
    isarray: "npm:~1.0.0"
    process-nextick-args: "npm:~2.0.0"
    safe-buffer: "npm:~5.1.1"
    string_decoder: "npm:~1.1.1"
    util-deprecate: "npm:~1.0.1"
  checksum: d04c677c1705e3fc6283d45859a23f4c05243d0c0f1fc08cb8f995b4d69f0eb7f38ec0ec102f0ee20535c5d999ee27449f40aa2edf6bf30c24d0cc8f8efeb6d7
  languageName: node
  linkType: hard

"rimraf@npm:^3.0.0":
  version: 3.0.2
  resolution: "rimraf@npm:3.0.2"
  dependencies:
    glob: "npm:^7.1.3"
  bin:
    rimraf: bin.js
  checksum: 063ffaccaaaca2cfd0ef3beafb12d6a03dd7ff1260d752d62a6077b5dfff6ae81bea571f655bb6b589d366930ec1bdd285d40d560c0dae9b12f125e54eb743d5
  languageName: node
  linkType: hard

"safe-buffer@npm:5.2.1":
  version: 5.2.1
  resolution: "safe-buffer@npm:5.2.1"
  checksum: 32872cd0ff68a3ddade7a7617b8f4c2ae8764d8b7d884c651b74457967a9e0e886267d3ecc781220629c44a865167b61c375d2da6c720c840ecd73f45d5d9451
  languageName: node
  linkType: hard

"safe-buffer@npm:~5.1.0, safe-buffer@npm:~5.1.1":
  version: 5.1.2
  resolution: "safe-buffer@npm:5.1.2"
  checksum: 7eb5b48f2ed9a594a4795677d5a150faa7eb54483b2318b568dc0c4fc94092a6cce5be02c7288a0500a156282f5276d5688bce7259299568d1053b2150ef374a
  languageName: node
  linkType: hard

"safer-buffer@npm:>= 2.1.2 < 3":
  version: 2.1.2
  resolution: "safer-buffer@npm:2.1.2"
  checksum: 7eaf7a0cf37cc27b42fb3ef6a9b1df6e93a1c6d98c6c6702b02fe262d5fcbd89db63320793b99b21cb5348097d0a53de81bd5f4e8b86e20cc9412e3f1cfb4e83
  languageName: node
  linkType: hard

"selenium-webdriver@npm:^4.12.0":
  version: 4.12.0
  resolution: "selenium-webdriver@npm:4.12.0"
  dependencies:
    jszip: "npm:^3.10.1"
    tmp: "npm:^0.2.1"
    ws: "npm:>=8.13.0"
  checksum: f70714d3108a1a6e21b71f7557a909a3fabefd0e96d1d418ba97f3fee163dc09612d9472c8c81116fdb5cfefa78a9a0210d255b194335dd4c74dd14e1c06bdbb
  languageName: node
  linkType: hard

"send@npm:0.17.2":
  version: 0.17.2
  resolution: "send@npm:0.17.2"
  dependencies:
    debug: "npm:2.6.9"
    depd: "npm:~1.1.2"
    destroy: "npm:~1.0.4"
    encodeurl: "npm:~1.0.2"
    escape-html: "npm:~1.0.3"
    etag: "npm:~1.8.1"
    fresh: "npm:0.5.2"
    http-errors: "npm:1.8.1"
    mime: "npm:1.6.0"
    ms: "npm:2.1.3"
    on-finished: "npm:~2.3.0"
    range-parser: "npm:~1.2.1"
    statuses: "npm:~1.5.0"
  checksum: b1e4f9b99a5571626dad1d4401363f6107e245c84e91ccae221ab55fea4d1f12be1b9ef657235381e2b9d3a5840b8ceb4d20c9c322e85535b587b12676bc340c
  languageName: node
  linkType: hard

"serve-static@npm:1.14.2":
  version: 1.14.2
  resolution: "serve-static@npm:1.14.2"
  dependencies:
    encodeurl: "npm:~1.0.2"
    escape-html: "npm:~1.0.3"
    parseurl: "npm:~1.3.3"
    send: "npm:0.17.2"
  checksum: b84f9d58b07db2e4d6b1f60e60a27839f5247331b9bbfa1a90eda3523d8bc58585c914e069e785bb2645668e0b9cdd1a305bc1aa81c4284f5ead103741bb705c
  languageName: node
  linkType: hard

"setimmediate@npm:^1.0.5":
  version: 1.0.5
  resolution: "setimmediate@npm:1.0.5"
  checksum: 76e3f5d7f4b581b6100ff819761f04a984fa3f3990e72a6554b57188ded53efce2d3d6c0932c10f810b7c59414f85e2ab3c11521877d1dea1ce0b56dc906f485
  languageName: node
  linkType: hard

"setprototypeof@npm:1.2.0":
  version: 1.2.0
  resolution: "setprototypeof@npm:1.2.0"
  checksum: fde1630422502fbbc19e6844346778f99d449986b2f9cdcceb8326730d2f3d9964dbcb03c02aaadaefffecd0f2c063315ebea8b3ad895914bf1afc1747fc172e
  languageName: node
  linkType: hard

"shebang-command@npm:^2.0.0":
  version: 2.0.0
  resolution: "shebang-command@npm:2.0.0"
  dependencies:
    shebang-regex: "npm:^3.0.0"
  checksum: 6b52fe87271c12968f6a054e60f6bde5f0f3d2db483a1e5c3e12d657c488a15474121a1d55cd958f6df026a54374ec38a4a963988c213b7570e1d51575cea7fa
  languageName: node
  linkType: hard

"shebang-regex@npm:^3.0.0":
  version: 3.0.0
  resolution: "shebang-regex@npm:3.0.0"
  checksum: 1a2bcae50de99034fcd92ad4212d8e01eedf52c7ec7830eedcf886622804fe36884278f2be8be0ea5fde3fd1c23911643a4e0f726c8685b61871c8908af01222
  languageName: node
  linkType: hard

"signal-exit@npm:^4.0.1":
  version: 4.0.2
  resolution: "signal-exit@npm:4.0.2"
  checksum: 99d49eab7f24aeed79e44999500d5ff4b9fbb560b0e1f8d47096c54d625b995aeaec3032cce44527adf2de0c303731a8356e234a348d6801214a8a3385a1ff8e
  languageName: node
  linkType: hard

"statuses@npm:>= 1.5.0 < 2, statuses@npm:~1.5.0":
  version: 1.5.0
  resolution: "statuses@npm:1.5.0"
  checksum: c469b9519de16a4bb19600205cffb39ee471a5f17b82589757ca7bd40a8d92ebb6ed9f98b5a540c5d302ccbc78f15dc03cc0280dd6e00df1335568a5d5758a5c
  languageName: node
  linkType: hard

"string-width-cjs@npm:string-width@^4.2.0, string-width@npm:^4.1.0":
  version: 4.2.3
  resolution: "string-width@npm:4.2.3"
  dependencies:
    emoji-regex: "npm:^8.0.0"
    is-fullwidth-code-point: "npm:^3.0.0"
    strip-ansi: "npm:^6.0.1"
  checksum: e52c10dc3fbfcd6c3a15f159f54a90024241d0f149cf8aed2982a2d801d2e64df0bf1dc351cf8e95c3319323f9f220c16e740b06faecd53e2462df1d2b5443fb
  languageName: node
  linkType: hard

"string-width@npm:^5.0.1, string-width@npm:^5.1.2":
  version: 5.1.2
  resolution: "string-width@npm:5.1.2"
  dependencies:
    eastasianwidth: "npm:^0.2.0"
    emoji-regex: "npm:^9.2.2"
    strip-ansi: "npm:^7.0.1"
  checksum: 7369deaa29f21dda9a438686154b62c2c5f661f8dda60449088f9f980196f7908fc39fdd1803e3e01541970287cf5deae336798337e9319a7055af89dafa7193
  languageName: node
  linkType: hard

"string_decoder@npm:~1.1.1":
  version: 1.1.1
  resolution: "string_decoder@npm:1.1.1"
  dependencies:
    safe-buffer: "npm:~5.1.0"
  checksum: 7c41c17ed4dea105231f6df208002ebddd732e8e9e2d619d133cecd8e0087ddfd9587d2feb3c8caf3213cbd841ada6d057f5142cae68a4e62d3540778d9819b4
  languageName: node
  linkType: hard

"strip-ansi-cjs@npm:strip-ansi@^6.0.1, strip-ansi@npm:^6.0.0, strip-ansi@npm:^6.0.1":
  version: 6.0.1
  resolution: "strip-ansi@npm:6.0.1"
  dependencies:
    ansi-regex: "npm:^5.0.1"
  checksum: ae3b5436d34fadeb6096367626ce987057713c566e1e7768818797e00ac5d62023d0f198c4e681eae9e20701721980b26a64a8f5b91238869592a9c6800719a2
  languageName: node
  linkType: hard

"strip-ansi@npm:^7.0.1":
  version: 7.0.1
  resolution: "strip-ansi@npm:7.0.1"
  dependencies:
    ansi-regex: "npm:^6.0.1"
  checksum: 07b3142f515d673e05d2da1ae07bba1eb2ba3b588135a38dea598ca11913b6e9487a9f2c9bed4c74cd31e554012b4503d9fb7e6034c7324973854feea2319110
  languageName: node
  linkType: hard

"supports-color@npm:^7.1.0":
  version: 7.2.0
  resolution: "supports-color@npm:7.2.0"
  dependencies:
    has-flag: "npm:^4.0.0"
  checksum: c8bb7afd564e3b26b50ca6ee47572c217526a1389fe018d00345856d4a9b08ffbd61fadaf283a87368d94c3dcdb8f5ffe2650a5a65863e21ad2730ca0f05210a
  languageName: node
  linkType: hard

"tmp@npm:^0.2.1":
  version: 0.2.1
  resolution: "tmp@npm:0.2.1"
  dependencies:
    rimraf: "npm:^3.0.0"
  checksum: 445148d72df3ce99356bc89a7857a0c5c3b32958697a14e50952c6f7cf0a8016e746ababe9a74c1aa52f04c526661992f14659eba34d3c6701d49ba2f3cf781b
  languageName: node
  linkType: hard

"toidentifier@npm:1.0.1":
  version: 1.0.1
  resolution: "toidentifier@npm:1.0.1"
  checksum: 952c29e2a85d7123239b5cfdd889a0dde47ab0497f0913d70588f19c53f7e0b5327c95f4651e413c74b785147f9637b17410ac8c846d5d4a20a5a33eb6dc3a45
  languageName: node
  linkType: hard

"transition@workspace:.":
  version: 0.0.0-use.local
  resolution: "transition@workspace:."
  dependencies:
    jasmine-browser-runner: "npm:^2.3.0"
    jasmine-core: "npm:^5.1.1"
  languageName: unknown
  linkType: soft

"type-is@npm:~1.6.18":
  version: 1.6.18
  resolution: "type-is@npm:1.6.18"
  dependencies:
    media-typer: "npm:0.3.0"
    mime-types: "npm:~2.1.24"
  checksum: 0bd9eeae5efd27d98fd63519f999908c009e148039d8e7179a074f105362d4fcc214c38b24f6cda79c87e563cbd12083a4691381ed28559220d4a10c2047bed4
  languageName: node
  linkType: hard

"unpipe@npm:1.0.0, unpipe@npm:~1.0.0":
  version: 1.0.0
  resolution: "unpipe@npm:1.0.0"
  checksum: 4fa18d8d8d977c55cb09715385c203197105e10a6d220087ec819f50cb68870f02942244f1017565484237f1f8c5d3cd413631b1ae104d3096f24fdfde1b4aa2
  languageName: node
  linkType: hard

"util-deprecate@npm:~1.0.1":
  version: 1.0.2
  resolution: "util-deprecate@npm:1.0.2"
  checksum: 474acf1146cb2701fe3b074892217553dfcf9a031280919ba1b8d651a068c9b15d863b7303cb15bd00a862b498e6cf4ad7b4a08fb134edd5a6f7641681cb54a2
  languageName: node
  linkType: hard

"utils-merge@npm:1.0.1":
  version: 1.0.1
  resolution: "utils-merge@npm:1.0.1"
  checksum: 5d6949693d58cb2e636a84f3ee1c6e7b2f9c16cb1d42d0ecb386d8c025c69e327205aa1c69e2868cc06a01e5e20681fbba55a4e0ed0cce913d60334024eae798
  languageName: node
  linkType: hard

"vary@npm:~1.1.2":
  version: 1.1.2
  resolution: "vary@npm:1.1.2"
  checksum: 31389debef15a480849b8331b220782230b9815a8e0dbb7b9a8369559aed2e9a7800cd904d4371ea74f4c3527db456dc8e7ac5befce5f0d289014dbdf47b2242
  languageName: node
  linkType: hard

"which@npm:^2.0.1":
  version: 2.0.2
  resolution: "which@npm:2.0.2"
  dependencies:
    isexe: "npm:^2.0.0"
  bin:
    node-which: ./bin/node-which
  checksum: 4782f8a1d6b8fc12c65e968fea49f59752bf6302dc43036c3bf87da718a80710f61a062516e9764c70008b487929a73546125570acea95c5b5dcc8ac3052c70f
  languageName: node
  linkType: hard

"wrap-ansi-cjs@npm:wrap-ansi@^7.0.0":
  version: 7.0.0
  resolution: "wrap-ansi@npm:7.0.0"
  dependencies:
    ansi-styles: "npm:^4.0.0"
    string-width: "npm:^4.1.0"
    strip-ansi: "npm:^6.0.0"
  checksum: cebdaeca3a6880da410f75209e68cd05428580de5ad24535f22696d7d9cab134d1f8498599f344c3cf0fb37c1715807a183778d8c648d6cc0cb5ff2bb4236540
  languageName: node
  linkType: hard

"wrap-ansi@npm:^8.1.0":
  version: 8.1.0
  resolution: "wrap-ansi@npm:8.1.0"
  dependencies:
    ansi-styles: "npm:^6.1.0"
    string-width: "npm:^5.0.1"
    strip-ansi: "npm:^7.0.1"
  checksum: 7b1e4b35e9bb2312d2ee9ee7dc95b8cb5f8b4b5a89f7dde5543fe66c1e3715663094defa50d75454ac900bd210f702d575f15f3f17fa9ec0291806d2578d1ddf
  languageName: node
  linkType: hard

"wrappy@npm:1":
  version: 1.0.2
  resolution: "wrappy@npm:1.0.2"
  checksum: 159da4805f7e84a3d003d8841557196034155008f817172d4e986bd591f74aa82aa7db55929a54222309e01079a65a92a9e6414da5a6aa4b01ee44a511ac3ee5
  languageName: node
  linkType: hard

"ws@npm:>=8.13.0":
  version: 8.13.0
  resolution: "ws@npm:8.13.0"
  peerDependencies:
    bufferutil: ^4.0.1
    utf-8-validate: ">=5.0.2"
  peerDependenciesMeta:
    bufferutil:
      optional: true
    utf-8-validate:
      optional: true
  checksum: 1769532b6fdab9ff659f0b17810e7501831d34ecca23fd179ee64091dd93a51f42c59f6c7bb4c7a384b6c229aca8076fb312aa35626257c18081511ef62a161d
  languageName: node
  linkType: hard
